
Microsoft Visual Studio Solution File, Format Version 12.00
# Visual Studio Version 16
VisualStudioVersion = 16.0.30621.155
MinimumVisualStudioVersion = 10.0.40219.1
Project("{FAE04EC0-301F-11D3-BF4B-00C04F79EFBC}") = "BankSystem", "BankSystem\BankSystem.csproj", "{2A3E248D-7FAF-4609-92F0-C3EC1580D943}"
EndProject
Global
	GlobalSection(SolutionConfigurationPlatforms) = preSolution
		Debug|Any CPU = Debug|Any CPU
		Release|Any CPU = Release|Any CPU
	EndGlobalSection
	GlobalSection(ProjectConfigurationPlatforms) = postSolution
		{2A3E248D-7FAF-4609-92F0-C3EC1580D943}.Debug|Any CPU.ActiveCfg = Debug|Any CPU
		{2A3E248D-7FAF-4609-92F0-C3EC1580D943}.Debug|Any CPU.Build.0 = Debug|Any CPU
		{2A3E248D-7FAF-4609-92F0-C3EC1580D943}.Release|Any CPU.ActiveCfg = Release|Any CPU
		{2A3E248D-7FAF-4609-92F0-C3EC1580D943}.Release|Any CPU.Build.0 = Release|Any CPU
	EndGlobalSection
	GlobalSection(SolutionProperties) = preSolution
		HideSolutionNode = FALSE
	EndGlobalSection
	GlobalSection(ExtensibilityGlobals) = postSolution
		SolutionGuid = {C4C042A5-2E10-431A-8465-BF5F48341CD6}
	EndGlobalSection
EndGlobal
